// !$*UTF8*$!
{
	archiveVersion = 1;
	classes = {
	};
	objectVersion = 46;
	objects = {

/* Begin PBXBuildFile section */
		7F06F2982204A267008F1403 /* PPBadgeView.framework in Frameworks */ = {isa = PBXBuildFile; fileRef = 7F06F2972204A267008F1403 /* PPBadgeView.framework */; };
		7F06F29C2204AC7D008F1403 /* UIViewControllerExtensions.swift in Sources */ = {isa = PBXBuildFile; fileRef = 7F06F29B2204AC7D008F1403 /* UIViewControllerExtensions.swift */; };
		7F163D391EDF0D5B00DC52B6 /* BundleExtensions.swift in Sources */ = {isa = PBXBuildFile; fileRef = 7F163D381EDF0D5B00DC52B6 /* BundleExtensions.swift */; };
		7F1A64651E0C5029004C5A5C /* UIAlertActionExtensions.swift in Sources */ = {isa = PBXBuildFile; fileRef = 7F1A64641E0C5029004C5A5C /* UIAlertActionExtensions.swift */; };
		7F1A646A1E0C779B004C5A5C /* InfoPlist.strings in Resources */ = {isa = PBXBuildFile; fileRef = 7F1A646C1E0C779B004C5A5C /* InfoPlist.strings */; };
		7F48FE9121F721DC00EACC03 /* AppController.swift in Sources */ = {isa = PBXBuildFile; fileRef = 7F48FE9021F721DC00EACC03 /* AppController.swift */; };
		7F48FE9321F7221800EACC03 /* Mockable.swift in Sources */ = {isa = PBXBuildFile; fileRef = 7F48FE9221F7221800EACC03 /* Mockable.swift */; };
		7F48FE9521F7243C00EACC03 /* AppControllerFactory.swift in Sources */ = {isa = PBXBuildFile; fileRef = 7F48FE9421F7243C00EACC03 /* AppControllerFactory.swift */; };
		7F48FE9821F725EE00EACC03 /* MainViewState.swift in Sources */ = {isa = PBXBuildFile; fileRef = 7F48FE9721F725EE00EACC03 /* MainViewState.swift */; };
		7F48FE9B21F726FE00EACC03 /* AlertController.swift in Sources */ = {isa = PBXBuildFile; fileRef = 7F48FE9A21F726FE00EACC03 /* AlertController.swift */; };
		7F48FE9D21F7272C00EACC03 /* Presentable.swift in Sources */ = {isa = PBXBuildFile; fileRef = 7F48FE9C21F7272C00EACC03 /* Presentable.swift */; };
		7F48FE9F21F7276600EACC03 /* Alert.swift in Sources */ = {isa = PBXBuildFile; fileRef = 7F48FE9E21F7276600EACC03 /* Alert.swift */; };
		7F48FEA221F72C5E00EACC03 /* ListController.swift in Sources */ = {isa = PBXBuildFile; fileRef = 7F48FEA121F72C5E00EACC03 /* ListController.swift */; };
		7F48FEA421F72E9A00EACC03 /* MainAction.swift in Sources */ = {isa = PBXBuildFile; fileRef = 7F48FEA321F72E9A00EACC03 /* MainAction.swift */; };
		7F48FEA621F72F2E00EACC03 /* OptionsController.swift in Sources */ = {isa = PBXBuildFile; fileRef = 7F48FEA521F72F2E00EACC03 /* OptionsController.swift */; };
		7F48FEA821F731F500EACC03 /* PDFService.swift in Sources */ = {isa = PBXBuildFile; fileRef = 7F48FEA721F731F500EACC03 /* PDFService.swift */; };
		7F48FEAA21F7341700EACC03 /* FileExtension.swift in Sources */ = {isa = PBXBuildFile; fileRef = 7F48FEA921F7341700EACC03 /* FileExtension.swift */; };
		7F48FEAC21F7385900EACC03 /* PDFViewState.swift in Sources */ = {isa = PBXBuildFile; fileRef = 7F48FEAB21F7385900EACC03 /* PDFViewState.swift */; };
		7F48FEAE21F749C700EACC03 /* CameraViewState.swift in Sources */ = {isa = PBXBuildFile; fileRef = 7F48FEAD21F749C700EACC03 /* CameraViewState.swift */; };
		7F48FEB021F7545200EACC03 /* Error.swift in Sources */ = {isa = PBXBuildFile; fileRef = 7F48FEAF21F7545200EACC03 /* Error.swift */; };
		7F48FEB221F7584400EACC03 /* NamingController.swift in Sources */ = {isa = PBXBuildFile; fileRef = 7F48FEB121F7584400EACC03 /* NamingController.swift */; };
		7F48FEB421F765CC00EACC03 /* ShareController.swift in Sources */ = {isa = PBXBuildFile; fileRef = 7F48FEB321F765CC00EACC03 /* ShareController.swift */; };
		7F48FEB621F7662900EACC03 /* OptionAction.swift in Sources */ = {isa = PBXBuildFile; fileRef = 7F48FEB521F7662900EACC03 /* OptionAction.swift */; };
		7F48FEB821F77ADF00EACC03 /* ImagePickerControlling.swift in Sources */ = {isa = PBXBuildFile; fileRef = 7F48FEB721F77ADF00EACC03 /* ImagePickerControlling.swift */; };
		7F48FEBB21F7808500EACC03 /* SimulatorImagePickerController.swift in Sources */ = {isa = PBXBuildFile; fileRef = 7F48FEBA21F7808500EACC03 /* SimulatorImagePickerController.swift */; };
		7F48FEBF21F7941D00EACC03 /* AsyncAwait.framework in Frameworks */ = {isa = PBXBuildFile; fileRef = 7F48FEBD21F7941D00EACC03 /* AsyncAwait.framework */; };
		7F48FEC321F7A40D00EACC03 /* TestExtensions.framework in Frameworks */ = {isa = PBXBuildFile; fileRef = 7F48FEC221F7A40D00EACC03 /* TestExtensions.framework */; };
		7F48FEC421F7A41500EACC03 /* TestExtensions.framework in CopyFiles */ = {isa = PBXBuildFile; fileRef = 7F48FEC221F7A40D00EACC03 /* TestExtensions.framework */; settings = {ATTRIBUTES = (CodeSignOnCopy, RemoveHeadersOnCopy, ); }; };
		7F48FEC921F7A44700EACC03 /* mocks.generated.swift in Sources */ = {isa = PBXBuildFile; fileRef = 7F48FEC821F7A44700EACC03 /* mocks.generated.swift */; };
		7F48FECB21F7A45F00EACC03 /* TestEnvironment.swift in Sources */ = {isa = PBXBuildFile; fileRef = 7F48FECA21F7A45F00EACC03 /* TestEnvironment.swift */; };
		7F48FECE21F7A47A00EACC03 /* AppTestEnvironment.swift in Sources */ = {isa = PBXBuildFile; fileRef = 7F48FECD21F7A47A00EACC03 /* AppTestEnvironment.swift */; };
		7F48FED321F7A94000EACC03 /* CameraTests.swift in Sources */ = {isa = PBXBuildFile; fileRef = 7F48FED221F7A94000EACC03 /* CameraTests.swift */; };
		7F48FED521F7A94A00EACC03 /* NameDialogueTests.swift in Sources */ = {isa = PBXBuildFile; fileRef = 7F48FED421F7A94A00EACC03 /* NameDialogueTests.swift */; };
		7F48FED721F7A95600EACC03 /* OptionsDialogueTests.swift in Sources */ = {isa = PBXBuildFile; fileRef = 7F48FED621F7A95600EACC03 /* OptionsDialogueTests.swift */; };
		7F48FED921F7A95F00EACC03 /* HomeTests.swift in Sources */ = {isa = PBXBuildFile; fileRef = 7F48FED821F7A95F00EACC03 /* HomeTests.swift */; };
		7F48FEDB21F7AD2500EACC03 /* ArrayExtensions.swift in Sources */ = {isa = PBXBuildFile; fileRef = 7F48FEDA21F7AD2500EACC03 /* ArrayExtensions.swift */; };
		7F48FEDD21F7AF0400EACC03 /* UIButtonExtensions.swift in Sources */ = {isa = PBXBuildFile; fileRef = 7F48FEDC21F7AF0400EACC03 /* UIButtonExtensions.swift */; };
		7F48FEE321F7D64500EACC03 /* UITextFieldExtensions.swift in Sources */ = {isa = PBXBuildFile; fileRef = 7F48FEE221F7D64500EACC03 /* UITextFieldExtensions.swift */; };
		7F48FEE521F7D79A00EACC03 /* PDFTests.swift in Sources */ = {isa = PBXBuildFile; fileRef = 7F48FEE421F7D79A00EACC03 /* PDFTests.swift */; };
		7F48FEE721F7DDBD00EACC03 /* test.pdf in Resources */ = {isa = PBXBuildFile; fileRef = 7F48FEE621F7DDBD00EACC03 /* test.pdf */; };
		7F48FEE921F7E02300EACC03 /* UIAlertControllerExtensions.swift in Sources */ = {isa = PBXBuildFile; fileRef = 7F48FEE821F7E02300EACC03 /* UIAlertControllerExtensions.swift */; };
		7F48FEEB21F7E7E200EACC03 /* ViewControllerCastable.swift in Sources */ = {isa = PBXBuildFile; fileRef = 7F48FEEA21F7E7E200EACC03 /* ViewControllerCastable.swift */; };
		7F48FEF321F7EEE300EACC03 /* Snapshots.swift in Sources */ = {isa = PBXBuildFile; fileRef = 7F48FEF221F7EEE300EACC03 /* Snapshots.swift */; };
		7F48FEFB21F7EF1C00EACC03 /* SnapshotHelper.swift in Sources */ = {isa = PBXBuildFile; fileRef = 7F48FEFA21F7EF1C00EACC03 /* SnapshotHelper.swift */; };
		7F6E0671225FCBDA00609358 /* AppBadge.swift in Sources */ = {isa = PBXBuildFile; fileRef = 7F6E0670225FCBDA00609358 /* AppBadge.swift */; };
		7F6E0673225FCC0E00609358 /* Utility.swift in Sources */ = {isa = PBXBuildFile; fileRef = 7F6E0672225FCC0E00609358 /* Utility.swift */; };
		7F8CBA1721F6FB8100218D8B /* README.md in Resources */ = {isa = PBXBuildFile; fileRef = 7F8CBA1621F6FB8100218D8B /* README.md */; };
		7F8CBA1921F6FB9400218D8B /* CHANGELOG.md in Resources */ = {isa = PBXBuildFile; fileRef = 7F8CBA1821F6FB9400218D8B /* CHANGELOG.md */; };
		7F8CBA1D21F7003D00218D8B /* Logging.framework in Frameworks */ = {isa = PBXBuildFile; fileRef = 7F8CBA1C21F7003D00218D8B /* Logging.framework */; };
		7F8CBA2121F7009300218D8B /* HomeController.swift in Sources */ = {isa = PBXBuildFile; fileRef = 7F8CBA2021F7009300218D8B /* HomeController.swift */; };
		7F8CBA2321F7009A00218D8B /* PDFController.swift in Sources */ = {isa = PBXBuildFile; fileRef = 7F8CBA2221F7009A00218D8B /* PDFController.swift */; };
		7F8CBA2521F700A100218D8B /* CameraController.swift in Sources */ = {isa = PBXBuildFile; fileRef = 7F8CBA2421F700A100218D8B /* CameraController.swift */; };
		7F8CBA2821F7044700218D8B /* Localizable.strings in Resources */ = {isa = PBXBuildFile; fileRef = 7F8CBA2621F7044700218D8B /* Localizable.strings */; };
		7F8CBA3721F717F700218D8B /* assets.swift in Sources */ = {isa = PBXBuildFile; fileRef = 7F8CBA3521F717F700218D8B /* assets.swift */; };
		7F8CBA3821F717F700218D8B /* strings.swift in Sources */ = {isa = PBXBuildFile; fileRef = 7F8CBA3621F717F700218D8B /* strings.swift */; };
		7F95940B1E0AD54F00CC2CC8 /* PDF.swift in Sources */ = {isa = PBXBuildFile; fileRef = 7F95940A1E0AD54F00CC2CC8 /* PDF.swift */; };
		7F95940D1E0ADA2100CC2CC8 /* PDFViewController.swift in Sources */ = {isa = PBXBuildFile; fileRef = 7F95940C1E0ADA2100CC2CC8 /* PDFViewController.swift */; };
		7F9594101E0ADA7600CC2CC8 /* QuickLook.framework in Frameworks */ = {isa = PBXBuildFile; fileRef = 7F95940F1E0ADA7600CC2CC8 /* QuickLook.framework */; };
		7F9594151E0B2FCA00CC2CC8 /* PDFPreviewItem.swift in Sources */ = {isa = PBXBuildFile; fileRef = 7F9594141E0B2FCA00CC2CC8 /* PDFPreviewItem.swift */; };
		7F9594171E0B350300CC2CC8 /* PDFList.swift in Sources */ = {isa = PBXBuildFile; fileRef = 7F9594161E0B350300CC2CC8 /* PDFList.swift */; };
		7F95941C1E0BD4E800CC2CC8 /* UIStoryboardExtensions.swift in Sources */ = {isa = PBXBuildFile; fileRef = 7F95941B1E0BD4E800CC2CC8 /* UIStoryboardExtensions.swift */; };
		7FEB2C521E0ACA6D00478CD6 /* AppDelegate.swift in Sources */ = {isa = PBXBuildFile; fileRef = 7FEB2C511E0ACA6D00478CD6 /* AppDelegate.swift */; };
		7FEB2C541E0ACA6D00478CD6 /* HomeViewController.swift in Sources */ = {isa = PBXBuildFile; fileRef = 7FEB2C531E0ACA6D00478CD6 /* HomeViewController.swift */; };
		7FEB2C571E0ACA6D00478CD6 /* Main.storyboard in Resources */ = {isa = PBXBuildFile; fileRef = 7FEB2C551E0ACA6D00478CD6 /* Main.storyboard */; };
		7FEB2C591E0ACA6D00478CD6 /* Assets.xcassets in Resources */ = {isa = PBXBuildFile; fileRef = 7FEB2C581E0ACA6D00478CD6 /* Assets.xcassets */; };
		7FEB2C5C1E0ACA6D00478CD6 /* LaunchScreen.storyboard in Resources */ = {isa = PBXBuildFile; fileRef = 7FEB2C5A1E0ACA6D00478CD6 /* LaunchScreen.storyboard */; };
		7FEB2C721E0ACAA100478CD6 /* Camera.swift in Sources */ = {isa = PBXBuildFile; fileRef = 7FEB2C711E0ACAA100478CD6 /* Camera.swift */; };
		7FEB2C741E0ACE9A00478CD6 /* Camera.storyboard in Resources */ = {isa = PBXBuildFile; fileRef = 7FEB2C731E0ACE9A00478CD6 /* Camera.storyboard */; };
		7FEB2C761E0ACF1100478CD6 /* CameraOverlayViewController.swift in Sources */ = {isa = PBXBuildFile; fileRef = 7FEB2C751E0ACF1100478CD6 /* CameraOverlayViewController.swift */; };
/* End PBXBuildFile section */

/* Begin PBXContainerItemProxy section */
		7F48FEF521F7EEE300EACC03 /* PBXContainerItemProxy */ = {
			isa = PBXContainerItemProxy;
			containerPortal = 7FEB2C461E0ACA6D00478CD6 /* Project object */;
			proxyType = 1;
			remoteGlobalIDString = 7FEB2C4D1E0ACA6D00478CD6;
			remoteInfo = DigiDocs;
		};
		7FEB2C631E0ACA6D00478CD6 /* PBXContainerItemProxy */ = {
			isa = PBXContainerItemProxy;
			containerPortal = 7FEB2C461E0ACA6D00478CD6 /* Project object */;
			proxyType = 1;
			remoteGlobalIDString = 7FEB2C4D1E0ACA6D00478CD6;
			remoteInfo = DigiDocs;
		};
/* End PBXContainerItemProxy section */

/* Begin PBXCopyFilesBuildPhase section */
		7F48FEC121F7A3FA00EACC03 /* CopyFiles */ = {
			isa = PBXCopyFilesBuildPhase;
			buildActionMask = 2147483647;
			dstPath = "";
			dstSubfolderSpec = 10;
			files = (
				7F48FEC421F7A41500EACC03 /* TestExtensions.framework in CopyFiles */,
			);
			runOnlyForDeploymentPostprocessing = 0;
		};
/* End PBXCopyFilesBuildPhase section */

/* Begin PBXFileReference section */
		7F06F2972204A267008F1403 /* PPBadgeView.framework */ = {isa = PBXFileReference; lastKnownFileType = wrapper.framework; name = PPBadgeView.framework; path = Carthage/Build/iOS/PPBadgeView.framework; sourceTree = "<group>"; };
		7F06F29B2204AC7D008F1403 /* UIViewControllerExtensions.swift */ = {isa = PBXFileReference; lastKnownFileType = sourcecode.swift; path = UIViewControllerExtensions.swift; sourceTree = "<group>"; };
		7F163D381EDF0D5B00DC52B6 /* BundleExtensions.swift */ = {isa = PBXFileReference; fileEncoding = 4; lastKnownFileType = sourcecode.swift; path = BundleExtensions.swift; sourceTree = "<group>"; };
		7F1A64641E0C5029004C5A5C /* UIAlertActionExtensions.swift */ = {isa = PBXFileReference; fileEncoding = 4; lastKnownFileType = sourcecode.swift; path = UIAlertActionExtensions.swift; sourceTree = "<group>"; };
		7F1A646B1E0C779B004C5A5C /* Base */ = {isa = PBXFileReference; lastKnownFileType = text.plist.strings; name = Base; path = Base.lproj/InfoPlist.strings; sourceTree = "<group>"; };
		7F1A646D1E0C77A1004C5A5C /* en */ = {isa = PBXFileReference; lastKnownFileType = text.plist.strings; name = en; path = en.lproj/InfoPlist.strings; sourceTree = "<group>"; };
		7F1A64721E0C77C3004C5A5C /* de */ = {isa = PBXFileReference; lastKnownFileType = text.plist.strings; name = de; path = de.lproj/InfoPlist.strings; sourceTree = "<group>"; };
		7F1A64741E0C77CF004C5A5C /* fr */ = {isa = PBXFileReference; lastKnownFileType = text.plist.strings; name = fr; path = fr.lproj/InfoPlist.strings; sourceTree = "<group>"; };
		7F1A64761E0C77DD004C5A5C /* it */ = {isa = PBXFileReference; lastKnownFileType = text.plist.strings; name = it; path = it.lproj/InfoPlist.strings; sourceTree = "<group>"; };
		7F1A64781E0C77E7004C5A5C /* zh-Hans */ = {isa = PBXFileReference; lastKnownFileType = text.plist.strings; name = "zh-Hans"; path = "zh-Hans.lproj/InfoPlist.strings"; sourceTree = "<group>"; };
		7F1A647A1E0C77EF004C5A5C /* ja */ = {isa = PBXFileReference; lastKnownFileType = text.plist.strings; name = ja; path = ja.lproj/InfoPlist.strings; sourceTree = "<group>"; };
		7F1A647C1E0C77FA004C5A5C /* ru */ = {isa = PBXFileReference; lastKnownFileType = text.plist.strings; name = ru; path = ru.lproj/InfoPlist.strings; sourceTree = "<group>"; };
		7F48FE9021F721DC00EACC03 /* AppController.swift */ = {isa = PBXFileReference; lastKnownFileType = sourcecode.swift; path = AppController.swift; sourceTree = "<group>"; };
		7F48FE9221F7221800EACC03 /* Mockable.swift */ = {isa = PBXFileReference; lastKnownFileType = sourcecode.swift; path = Mockable.swift; sourceTree = "<group>"; };
		7F48FE9421F7243C00EACC03 /* AppControllerFactory.swift */ = {isa = PBXFileReference; lastKnownFileType = sourcecode.swift; path = AppControllerFactory.swift; sourceTree = "<group>"; };
		7F48FE9721F725EE00EACC03 /* MainViewState.swift */ = {isa = PBXFileReference; lastKnownFileType = sourcecode.swift; path = MainViewState.swift; sourceTree = "<group>"; };
		7F48FE9A21F726FE00EACC03 /* AlertController.swift */ = {isa = PBXFileReference; lastKnownFileType = sourcecode.swift; path = AlertController.swift; sourceTree = "<group>"; };
		7F48FE9C21F7272C00EACC03 /* Presentable.swift */ = {isa = PBXFileReference; lastKnownFileType = sourcecode.swift; path = Presentable.swift; sourceTree = "<group>"; };
		7F48FE9E21F7276600EACC03 /* Alert.swift */ = {isa = PBXFileReference; lastKnownFileType = sourcecode.swift; path = Alert.swift; sourceTree = "<group>"; };
		7F48FEA121F72C5E00EACC03 /* ListController.swift */ = {isa = PBXFileReference; lastKnownFileType = sourcecode.swift; path = ListController.swift; sourceTree = "<group>"; };
		7F48FEA321F72E9A00EACC03 /* MainAction.swift */ = {isa = PBXFileReference; lastKnownFileType = sourcecode.swift; path = MainAction.swift; sourceTree = "<group>"; };
		7F48FEA521F72F2E00EACC03 /* OptionsController.swift */ = {isa = PBXFileReference; lastKnownFileType = sourcecode.swift; path = OptionsController.swift; sourceTree = "<group>"; };
		7F48FEA721F731F500EACC03 /* PDFService.swift */ = {isa = PBXFileReference; lastKnownFileType = sourcecode.swift; path = PDFService.swift; sourceTree = "<group>"; };
		7F48FEA921F7341700EACC03 /* FileExtension.swift */ = {isa = PBXFileReference; lastKnownFileType = sourcecode.swift; path = FileExtension.swift; sourceTree = "<group>"; };
		7F48FEAB21F7385900EACC03 /* PDFViewState.swift */ = {isa = PBXFileReference; lastKnownFileType = sourcecode.swift; path = PDFViewState.swift; sourceTree = "<group>"; };
		7F48FEAD21F749C700EACC03 /* CameraViewState.swift */ = {isa = PBXFileReference; lastKnownFileType = sourcecode.swift; path = CameraViewState.swift; sourceTree = "<group>"; };
		7F48FEAF21F7545200EACC03 /* Error.swift */ = {isa = PBXFileReference; lastKnownFileType = sourcecode.swift; path = Error.swift; sourceTree = "<group>"; };
		7F48FEB121F7584400EACC03 /* NamingController.swift */ = {isa = PBXFileReference; lastKnownFileType = sourcecode.swift; path = NamingController.swift; sourceTree = "<group>"; };
		7F48FEB321F765CC00EACC03 /* ShareController.swift */ = {isa = PBXFileReference; lastKnownFileType = sourcecode.swift; path = ShareController.swift; sourceTree = "<group>"; };
		7F48FEB521F7662900EACC03 /* OptionAction.swift */ = {isa = PBXFileReference; lastKnownFileType = sourcecode.swift; path = OptionAction.swift; sourceTree = "<group>"; };
		7F48FEB721F77ADF00EACC03 /* ImagePickerControlling.swift */ = {isa = PBXFileReference; lastKnownFileType = sourcecode.swift; path = ImagePickerControlling.swift; sourceTree = "<group>"; };
		7F48FEBA21F7808500EACC03 /* SimulatorImagePickerController.swift */ = {isa = PBXFileReference; lastKnownFileType = sourcecode.swift; path = SimulatorImagePickerController.swift; sourceTree = "<group>"; };
		7F48FEBC21F7941D00EACC03 /* Result.framework */ = {isa = PBXFileReference; lastKnownFileType = wrapper.framework; name = Result.framework; path = Carthage/Build/iOS/Result.framework; sourceTree = "<group>"; };
		7F48FEBD21F7941D00EACC03 /* AsyncAwait.framework */ = {isa = PBXFileReference; lastKnownFileType = wrapper.framework; name = AsyncAwait.framework; path = Carthage/Build/iOS/AsyncAwait.framework; sourceTree = "<group>"; };
		7F48FEC221F7A40D00EACC03 /* TestExtensions.framework */ = {isa = PBXFileReference; lastKnownFileType = wrapper.framework; name = TestExtensions.framework; path = Carthage/Build/iOS/TestExtensions.framework; sourceTree = "<group>"; };
		7F48FEC821F7A44700EACC03 /* mocks.generated.swift */ = {isa = PBXFileReference; fileEncoding = 4; lastKnownFileType = sourcecode.swift; name = mocks.generated.swift; path = Generated/mocks.generated.swift; sourceTree = SOURCE_ROOT; };
		7F48FECA21F7A45F00EACC03 /* TestEnvironment.swift */ = {isa = PBXFileReference; lastKnownFileType = sourcecode.swift; path = TestEnvironment.swift; sourceTree = "<group>"; };
		7F48FECD21F7A47A00EACC03 /* AppTestEnvironment.swift */ = {isa = PBXFileReference; lastKnownFileType = sourcecode.swift; path = AppTestEnvironment.swift; sourceTree = "<group>"; };
		7F48FED221F7A94000EACC03 /* CameraTests.swift */ = {isa = PBXFileReference; lastKnownFileType = sourcecode.swift; path = CameraTests.swift; sourceTree = "<group>"; };
		7F48FED421F7A94A00EACC03 /* NameDialogueTests.swift */ = {isa = PBXFileReference; lastKnownFileType = sourcecode.swift; path = NameDialogueTests.swift; sourceTree = "<group>"; };
		7F48FED621F7A95600EACC03 /* OptionsDialogueTests.swift */ = {isa = PBXFileReference; lastKnownFileType = sourcecode.swift; path = OptionsDialogueTests.swift; sourceTree = "<group>"; };
		7F48FED821F7A95F00EACC03 /* HomeTests.swift */ = {isa = PBXFileReference; lastKnownFileType = sourcecode.swift; path = HomeTests.swift; sourceTree = "<group>"; };
		7F48FEDA21F7AD2500EACC03 /* ArrayExtensions.swift */ = {isa = PBXFileReference; lastKnownFileType = sourcecode.swift; path = ArrayExtensions.swift; sourceTree = "<group>"; };
		7F48FEDC21F7AF0400EACC03 /* UIButtonExtensions.swift */ = {isa = PBXFileReference; lastKnownFileType = sourcecode.swift; path = UIButtonExtensions.swift; sourceTree = "<group>"; };
		7F48FEE221F7D64500EACC03 /* UITextFieldExtensions.swift */ = {isa = PBXFileReference; lastKnownFileType = sourcecode.swift; path = UITextFieldExtensions.swift; sourceTree = "<group>"; };
		7F48FEE421F7D79A00EACC03 /* PDFTests.swift */ = {isa = PBXFileReference; lastKnownFileType = sourcecode.swift; path = PDFTests.swift; sourceTree = "<group>"; };
		7F48FEE621F7DDBD00EACC03 /* test.pdf */ = {isa = PBXFileReference; lastKnownFileType = image.pdf; path = test.pdf; sourceTree = "<group>"; };
		7F48FEE821F7E02300EACC03 /* UIAlertControllerExtensions.swift */ = {isa = PBXFileReference; lastKnownFileType = sourcecode.swift; path = UIAlertControllerExtensions.swift; sourceTree = "<group>"; };
		7F48FEEA21F7E7E200EACC03 /* ViewControllerCastable.swift */ = {isa = PBXFileReference; lastKnownFileType = sourcecode.swift; path = ViewControllerCastable.swift; sourceTree = "<group>"; };
		7F48FEF021F7EEE300EACC03 /* DigiDocsSnapshot.xctest */ = {isa = PBXFileReference; explicitFileType = wrapper.cfbundle; includeInIndex = 0; path = DigiDocsSnapshot.xctest; sourceTree = BUILT_PRODUCTS_DIR; };
		7F48FEF221F7EEE300EACC03 /* Snapshots.swift */ = {isa = PBXFileReference; lastKnownFileType = sourcecode.swift; path = Snapshots.swift; sourceTree = "<group>"; };
		7F48FEF421F7EEE300EACC03 /* Info.plist */ = {isa = PBXFileReference; lastKnownFileType = text.plist.xml; path = Info.plist; sourceTree = "<group>"; };
		7F48FEFA21F7EF1C00EACC03 /* SnapshotHelper.swift */ = {isa = PBXFileReference; lastKnownFileType = sourcecode.swift; path = SnapshotHelper.swift; sourceTree = "<group>"; };
		7F6E0670225FCBDA00609358 /* AppBadge.swift */ = {isa = PBXFileReference; lastKnownFileType = sourcecode.swift; path = AppBadge.swift; sourceTree = "<group>"; };
		7F6E0672225FCC0E00609358 /* Utility.swift */ = {isa = PBXFileReference; lastKnownFileType = sourcecode.swift; path = Utility.swift; sourceTree = "<group>"; };
		7F8CBA1621F6FB8100218D8B /* README.md */ = {isa = PBXFileReference; lastKnownFileType = net.daringfireball.markdown; path = README.md; sourceTree = "<group>"; };
		7F8CBA1821F6FB9400218D8B /* CHANGELOG.md */ = {isa = PBXFileReference; lastKnownFileType = net.daringfireball.markdown; path = CHANGELOG.md; sourceTree = "<group>"; };
		7F8CBA1C21F7003D00218D8B /* Logging.framework */ = {isa = PBXFileReference; lastKnownFileType = wrapper.framework; name = Logging.framework; path = Carthage/Build/iOS/Logging.framework; sourceTree = "<group>"; };
		7F8CBA2021F7009300218D8B /* HomeController.swift */ = {isa = PBXFileReference; lastKnownFileType = sourcecode.swift; path = HomeController.swift; sourceTree = "<group>"; };
		7F8CBA2221F7009A00218D8B /* PDFController.swift */ = {isa = PBXFileReference; lastKnownFileType = sourcecode.swift; path = PDFController.swift; sourceTree = "<group>"; };
		7F8CBA2421F700A100218D8B /* CameraController.swift */ = {isa = PBXFileReference; lastKnownFileType = sourcecode.swift; path = CameraController.swift; sourceTree = "<group>"; };
		7F8CBA2721F7044700218D8B /* Base */ = {isa = PBXFileReference; lastKnownFileType = text.plist.strings; name = Base; path = Base.lproj/Localizable.strings; sourceTree = "<group>"; };
		7F8CBA2921F7045300218D8B /* en */ = {isa = PBXFileReference; lastKnownFileType = text.plist.strings; name = en; path = en.lproj/Localizable.strings; sourceTree = "<group>"; };
		7F8CBA2A21F7045500218D8B /* de */ = {isa = PBXFileReference; lastKnownFileType = text.plist.strings; name = de; path = de.lproj/Localizable.strings; sourceTree = "<group>"; };
		7F8CBA2B21F7045700218D8B /* fr */ = {isa = PBXFileReference; lastKnownFileType = text.plist.strings; name = fr; path = fr.lproj/Localizable.strings; sourceTree = "<group>"; };
		7F8CBA2C21F7045900218D8B /* it */ = {isa = PBXFileReference; lastKnownFileType = text.plist.strings; name = it; path = it.lproj/Localizable.strings; sourceTree = "<group>"; };
		7F8CBA2D21F7045B00218D8B /* zh-Hans */ = {isa = PBXFileReference; lastKnownFileType = text.plist.strings; name = "zh-Hans"; path = "zh-Hans.lproj/Localizable.strings"; sourceTree = "<group>"; };
		7F8CBA2E21F7045D00218D8B /* ja */ = {isa = PBXFileReference; lastKnownFileType = text.plist.strings; name = ja; path = ja.lproj/Localizable.strings; sourceTree = "<group>"; };
		7F8CBA2F21F7045F00218D8B /* ru */ = {isa = PBXFileReference; lastKnownFileType = text.plist.strings; name = ru; path = ru.lproj/Localizable.strings; sourceTree = "<group>"; };
		7F8CBA3521F717F700218D8B /* assets.swift */ = {isa = PBXFileReference; fileEncoding = 4; lastKnownFileType = sourcecode.swift; name = assets.swift; path = Generated/assets.swift; sourceTree = SOURCE_ROOT; };
		7F8CBA3621F717F700218D8B /* strings.swift */ = {isa = PBXFileReference; fileEncoding = 4; lastKnownFileType = sourcecode.swift; name = strings.swift; path = Generated/strings.swift; sourceTree = SOURCE_ROOT; };
		7F95940A1E0AD54F00CC2CC8 /* PDF.swift */ = {isa = PBXFileReference; fileEncoding = 4; lastKnownFileType = sourcecode.swift; path = PDF.swift; sourceTree = "<group>"; };
		7F95940C1E0ADA2100CC2CC8 /* PDFViewController.swift */ = {isa = PBXFileReference; fileEncoding = 4; lastKnownFileType = sourcecode.swift; path = PDFViewController.swift; sourceTree = "<group>"; };
		7F95940F1E0ADA7600CC2CC8 /* QuickLook.framework */ = {isa = PBXFileReference; lastKnownFileType = wrapper.framework; name = QuickLook.framework; path = System/Library/Frameworks/QuickLook.framework; sourceTree = SDKROOT; };
		7F9594141E0B2FCA00CC2CC8 /* PDFPreviewItem.swift */ = {isa = PBXFileReference; fileEncoding = 4; lastKnownFileType = sourcecode.swift; path = PDFPreviewItem.swift; sourceTree = "<group>"; };
		7F9594161E0B350300CC2CC8 /* PDFList.swift */ = {isa = PBXFileReference; fileEncoding = 4; lastKnownFileType = sourcecode.swift; path = PDFList.swift; sourceTree = "<group>"; };
		7F95941B1E0BD4E800CC2CC8 /* UIStoryboardExtensions.swift */ = {isa = PBXFileReference; fileEncoding = 4; lastKnownFileType = sourcecode.swift; path = UIStoryboardExtensions.swift; sourceTree = "<group>"; };
		7FEB2C4E1E0ACA6D00478CD6 /* DigiDocs.app */ = {isa = PBXFileReference; explicitFileType = wrapper.application; includeInIndex = 0; path = DigiDocs.app; sourceTree = BUILT_PRODUCTS_DIR; };
		7FEB2C511E0ACA6D00478CD6 /* AppDelegate.swift */ = {isa = PBXFileReference; lastKnownFileType = sourcecode.swift; path = AppDelegate.swift; sourceTree = "<group>"; };
		7FEB2C531E0ACA6D00478CD6 /* HomeViewController.swift */ = {isa = PBXFileReference; lastKnownFileType = sourcecode.swift; path = HomeViewController.swift; sourceTree = "<group>"; };
		7FEB2C561E0ACA6D00478CD6 /* Base */ = {isa = PBXFileReference; lastKnownFileType = file.storyboard; name = Base; path = Base.lproj/Main.storyboard; sourceTree = "<group>"; };
		7FEB2C581E0ACA6D00478CD6 /* Assets.xcassets */ = {isa = PBXFileReference; lastKnownFileType = folder.assetcatalog; path = Assets.xcassets; sourceTree = "<group>"; };
		7FEB2C5B1E0ACA6D00478CD6 /* Base */ = {isa = PBXFileReference; lastKnownFileType = file.storyboard; name = Base; path = Base.lproj/LaunchScreen.storyboard; sourceTree = "<group>"; };
		7FEB2C5D1E0ACA6D00478CD6 /* Info.plist */ = {isa = PBXFileReference; lastKnownFileType = text.plist.xml; path = Info.plist; sourceTree = "<group>"; };
		7FEB2C621E0ACA6D00478CD6 /* DigiDocsTests.xctest */ = {isa = PBXFileReference; explicitFileType = wrapper.cfbundle; includeInIndex = 0; path = DigiDocsTests.xctest; sourceTree = BUILT_PRODUCTS_DIR; };
		7FEB2C681E0ACA6D00478CD6 /* Info.plist */ = {isa = PBXFileReference; lastKnownFileType = text.plist.xml; path = Info.plist; sourceTree = "<group>"; };
		7FEB2C711E0ACAA100478CD6 /* Camera.swift */ = {isa = PBXFileReference; fileEncoding = 4; lastKnownFileType = sourcecode.swift; path = Camera.swift; sourceTree = "<group>"; };
		7FEB2C731E0ACE9A00478CD6 /* Camera.storyboard */ = {isa = PBXFileReference; fileEncoding = 4; lastKnownFileType = file.storyboard; path = Camera.storyboard; sourceTree = "<group>"; };
		7FEB2C751E0ACF1100478CD6 /* CameraOverlayViewController.swift */ = {isa = PBXFileReference; fileEncoding = 4; lastKnownFileType = sourcecode.swift; path = CameraOverlayViewController.swift; sourceTree = "<group>"; };
/* End PBXFileReference section */

/* Begin PBXFrameworksBuildPhase section */
		7F48FEED21F7EEE300EACC03 /* Frameworks */ = {
			isa = PBXFrameworksBuildPhase;
			buildActionMask = 2147483647;
			files = (
			);
			runOnlyForDeploymentPostprocessing = 0;
		};
		7FEB2C4B1E0ACA6D00478CD6 /* Frameworks */ = {
			isa = PBXFrameworksBuildPhase;
			buildActionMask = 2147483647;
			files = (
				7F9594101E0ADA7600CC2CC8 /* QuickLook.framework in Frameworks */,
				7F8CBA1D21F7003D00218D8B /* Logging.framework in Frameworks */,
				7F06F2982204A267008F1403 /* PPBadgeView.framework in Frameworks */,
				7F48FEBF21F7941D00EACC03 /* AsyncAwait.framework in Frameworks */,
			);
			runOnlyForDeploymentPostprocessing = 0;
		};
		7FEB2C5F1E0ACA6D00478CD6 /* Frameworks */ = {
			isa = PBXFrameworksBuildPhase;
			buildActionMask = 2147483647;
			files = (
				7F48FEC321F7A40D00EACC03 /* TestExtensions.framework in Frameworks */,
			);
			runOnlyForDeploymentPostprocessing = 0;
		};
/* End PBXFrameworksBuildPhase section */

/* Begin PBXGroup section */
		7F1A64601E0C4994004C5A5C /* Resources */ = {
			isa = PBXGroup;
			children = (
				7F48FEE621F7DDBD00EACC03 /* test.pdf */,
				7FEB2C681E0ACA6D00478CD6 /* Info.plist */,
			);
			name = Resources;
			sourceTree = "<group>";
		};
		7F48FE9621F7243F00EACC03 /* Factory */ = {
			isa = PBXGroup;
			children = (
				7F48FE9421F7243C00EACC03 /* AppControllerFactory.swift */,
			);
			name = Factory;
			sourceTree = "<group>";
		};
		7F48FE9921F725F400EACC03 /* ViewState */ = {
			isa = PBXGroup;
			children = (
				7F48FE9721F725EE00EACC03 /* MainViewState.swift */,
				7F48FEAB21F7385900EACC03 /* PDFViewState.swift */,
				7F48FEAD21F749C700EACC03 /* CameraViewState.swift */,
			);
			name = ViewState;
			sourceTree = "<group>";
		};
		7F48FEA021F7276A00EACC03 /* Model */ = {
			isa = PBXGroup;
			children = (
				7F48FE9E21F7276600EACC03 /* Alert.swift */,
				7F48FEA321F72E9A00EACC03 /* MainAction.swift */,
				7F95940A1E0AD54F00CC2CC8 /* PDF.swift */,
				7F9594161E0B350300CC2CC8 /* PDFList.swift */,
				7F48FEA921F7341700EACC03 /* FileExtension.swift */,
				7F9594141E0B2FCA00CC2CC8 /* PDFPreviewItem.swift */,
				7F48FEAF21F7545200EACC03 /* Error.swift */,
				7F48FEB521F7662900EACC03 /* OptionAction.swift */,
			);
			name = Model;
			sourceTree = "<group>";
		};
		7F48FEB921F7805E00EACC03 /* Extensions */ = {
			isa = PBXGroup;
			children = (
				7F48FEE221F7D64500EACC03 /* UITextFieldExtensions.swift */,
				7F1A64641E0C5029004C5A5C /* UIAlertActionExtensions.swift */,
				7F48FEE821F7E02300EACC03 /* UIAlertControllerExtensions.swift */,
				7F48FEDA21F7AD2500EACC03 /* ArrayExtensions.swift */,
				7F48FEDC21F7AF0400EACC03 /* UIButtonExtensions.swift */,
			);
			name = Extensions;
			sourceTree = "<group>";
		};
		7F48FEC721F7A42F00EACC03 /* Generated */ = {
			isa = PBXGroup;
			children = (
				7F48FEC821F7A44700EACC03 /* mocks.generated.swift */,
			);
			name = Generated;
			sourceTree = "<group>";
		};
		7F48FECC21F7A46300EACC03 /* Protocol */ = {
			isa = PBXGroup;
			children = (
				7F48FECA21F7A45F00EACC03 /* TestEnvironment.swift */,
			);
			name = Protocol;
			sourceTree = "<group>";
		};
		7F48FECF21F7A7D300EACC03 /* Utility */ = {
			isa = PBXGroup;
			children = (
				7F48FECD21F7A47A00EACC03 /* AppTestEnvironment.swift */,
			);
			name = Utility;
			sourceTree = "<group>";
		};
		7F48FEF121F7EEE300EACC03 /* DigiDocsSnapshot */ = {
			isa = PBXGroup;
			children = (
				7F48FEF221F7EEE300EACC03 /* Snapshots.swift */,
				7F48FEFA21F7EF1C00EACC03 /* SnapshotHelper.swift */,
				7F48FEF421F7EEE300EACC03 /* Info.plist */,
			);
			path = DigiDocsSnapshot;
			sourceTree = "<group>";
		};
		7F8CBA1F21F7007900218D8B /* Controller */ = {
			isa = PBXGroup;
			children = (
				7F48FE9021F721DC00EACC03 /* AppController.swift */,
				7F8CBA2021F7009300218D8B /* HomeController.swift */,
				7F8CBA2421F700A100218D8B /* CameraController.swift */,
				7F48FEB121F7584400EACC03 /* NamingController.swift */,
				7F48FEA121F72C5E00EACC03 /* ListController.swift */,
				7F48FEA521F72F2E00EACC03 /* OptionsController.swift */,
				7F48FEB321F765CC00EACC03 /* ShareController.swift */,
				7F8CBA2221F7009A00218D8B /* PDFController.swift */,
				7F48FE9A21F726FE00EACC03 /* AlertController.swift */,
			);
			name = Controller;
			sourceTree = "<group>";
		};
		7F8CBA3421F7048800218D8B /* Generated */ = {
			isa = PBXGroup;
			children = (
				7F8CBA3521F717F700218D8B /* assets.swift */,
				7F8CBA3621F717F700218D8B /* strings.swift */,
			);
			name = Generated;
			sourceTree = "<group>";
		};
		7F95940E1E0ADA7600CC2CC8 /* Frameworks */ = {
			isa = PBXGroup;
			children = (
				7F06F2972204A267008F1403 /* PPBadgeView.framework */,
				7F48FEC221F7A40D00EACC03 /* TestExtensions.framework */,
				7F48FEBD21F7941D00EACC03 /* AsyncAwait.framework */,
				7F48FEBC21F7941D00EACC03 /* Result.framework */,
				7F8CBA1C21F7003D00218D8B /* Logging.framework */,
				7F95940F1E0ADA7600CC2CC8 /* QuickLook.framework */,
			);
			name = Frameworks;
			sourceTree = "<group>";
		};
		7F9594111E0B2F8500CC2CC8 /* ViewController */ = {
			isa = PBXGroup;
			children = (
				7FEB2C531E0ACA6D00478CD6 /* HomeViewController.swift */,
				7F95940C1E0ADA2100CC2CC8 /* PDFViewController.swift */,
				7FEB2C751E0ACF1100478CD6 /* CameraOverlayViewController.swift */,
			);
			name = ViewController;
			sourceTree = "<group>";
		};
		7F9594121E0B2F8D00CC2CC8 /* Utility */ = {
			isa = PBXGroup;
			children = (
				7F6E0672225FCC0E00609358 /* Utility.swift */,
				7F6E0670225FCBDA00609358 /* AppBadge.swift */,
				7F48FEA721F731F500EACC03 /* PDFService.swift */,
				7FEB2C711E0ACAA100478CD6 /* Camera.swift */,
				7F48FEBA21F7808500EACC03 /* SimulatorImagePickerController.swift */,
			);
			name = Utility;
			sourceTree = "<group>";
		};
		7F9594131E0B2F9A00CC2CC8 /* Resources */ = {
			isa = PBXGroup;
			children = (
				7FEB2C551E0ACA6D00478CD6 /* Main.storyboard */,
				7FEB2C731E0ACE9A00478CD6 /* Camera.storyboard */,
				7FEB2C5A1E0ACA6D00478CD6 /* LaunchScreen.storyboard */,
				7FEB2C581E0ACA6D00478CD6 /* Assets.xcassets */,
				7F1A646C1E0C779B004C5A5C /* InfoPlist.strings */,
				7F8CBA2621F7044700218D8B /* Localizable.strings */,
				7FEB2C5D1E0ACA6D00478CD6 /* Info.plist */,
			);
			name = Resources;
			sourceTree = "<group>";
		};
		7F95941A1E0B49D300CC2CC8 /* Protocol */ = {
			isa = PBXGroup;
			children = (
				7F48FE9221F7221800EACC03 /* Mockable.swift */,
				7F48FE9C21F7272C00EACC03 /* Presentable.swift */,
				7F48FEB721F77ADF00EACC03 /* ImagePickerControlling.swift */,
				7F48FEEA21F7E7E200EACC03 /* ViewControllerCastable.swift */,
			);
			name = Protocol;
			sourceTree = "<group>";
		};
		7F95941D1E0BD4EB00CC2CC8 /* Extension */ = {
			isa = PBXGroup;
			children = (
				7F95941B1E0BD4E800CC2CC8 /* UIStoryboardExtensions.swift */,
				7F163D381EDF0D5B00DC52B6 /* BundleExtensions.swift */,
				7F06F29B2204AC7D008F1403 /* UIViewControllerExtensions.swift */,
			);
			name = Extension;
			sourceTree = "<group>";
		};
		7FEB2C451E0ACA6D00478CD6 = {
			isa = PBXGroup;
			children = (
				7F8CBA1621F6FB8100218D8B /* README.md */,
				7F8CBA1821F6FB9400218D8B /* CHANGELOG.md */,
				7FEB2C501E0ACA6D00478CD6 /* DigiDocs */,
				7FEB2C651E0ACA6D00478CD6 /* DigiDocsTests */,
				7F48FEF121F7EEE300EACC03 /* DigiDocsSnapshot */,
				7FEB2C4F1E0ACA6D00478CD6 /* Products */,
				7F95940E1E0ADA7600CC2CC8 /* Frameworks */,
			);
			sourceTree = "<group>";
		};
		7FEB2C4F1E0ACA6D00478CD6 /* Products */ = {
			isa = PBXGroup;
			children = (
				7FEB2C4E1E0ACA6D00478CD6 /* DigiDocs.app */,
				7FEB2C621E0ACA6D00478CD6 /* DigiDocsTests.xctest */,
				7F48FEF021F7EEE300EACC03 /* DigiDocsSnapshot.xctest */,
			);
			name = Products;
			sourceTree = "<group>";
		};
		7FEB2C501E0ACA6D00478CD6 /* DigiDocs */ = {
			isa = PBXGroup;
			children = (
				7FEB2C511E0ACA6D00478CD6 /* AppDelegate.swift */,
				7F48FE9621F7243F00EACC03 /* Factory */,
				7F8CBA1F21F7007900218D8B /* Controller */,
				7F9594111E0B2F8500CC2CC8 /* ViewController */,
				7F48FE9921F725F400EACC03 /* ViewState */,
				7F48FEA021F7276A00EACC03 /* Model */,
				7F9594121E0B2F8D00CC2CC8 /* Utility */,
				7F95941A1E0B49D300CC2CC8 /* Protocol */,
				7F95941D1E0BD4EB00CC2CC8 /* Extension */,
				7F8CBA3421F7048800218D8B /* Generated */,
				7F9594131E0B2F9A00CC2CC8 /* Resources */,
			);
			path = DigiDocs;
			sourceTree = "<group>";
		};
		7FEB2C651E0ACA6D00478CD6 /* DigiDocsTests */ = {
			isa = PBXGroup;
			children = (
				7F48FED221F7A94000EACC03 /* CameraTests.swift */,
				7F48FED421F7A94A00EACC03 /* NameDialogueTests.swift */,
				7F48FEE421F7D79A00EACC03 /* PDFTests.swift */,
				7F48FED621F7A95600EACC03 /* OptionsDialogueTests.swift */,
				7F48FED821F7A95F00EACC03 /* HomeTests.swift */,
				7F48FECF21F7A7D300EACC03 /* Utility */,
				7F48FEC721F7A42F00EACC03 /* Generated */,
				7F48FECC21F7A46300EACC03 /* Protocol */,
				7F48FEB921F7805E00EACC03 /* Extensions */,
				7F1A64601E0C4994004C5A5C /* Resources */,
			);
			path = DigiDocsTests;
			sourceTree = "<group>";
		};
/* End PBXGroup section */

/* Begin PBXNativeTarget section */
		7F48FEEF21F7EEE300EACC03 /* DigiDocsSnapshot */ = {
			isa = PBXNativeTarget;
			buildConfigurationList = 7F48FEF721F7EEE300EACC03 /* Build configuration list for PBXNativeTarget "DigiDocsSnapshot" */;
			buildPhases = (
				7F48FEEC21F7EEE300EACC03 /* Sources */,
				7F48FEED21F7EEE300EACC03 /* Frameworks */,
				7F48FEEE21F7EEE300EACC03 /* Resources */,
			);
			buildRules = (
			);
			dependencies = (
				7F48FEF621F7EEE300EACC03 /* PBXTargetDependency */,
			);
			name = DigiDocsSnapshot;
			productName = DigiDocsSnapshot;
			productReference = 7F48FEF021F7EEE300EACC03 /* DigiDocsSnapshot.xctest */;
			productType = "com.apple.product-type.bundle.ui-testing";
		};
		7FEB2C4D1E0ACA6D00478CD6 /* DigiDocs */ = {
			isa = PBXNativeTarget;
			buildConfigurationList = 7FEB2C6B1E0ACA6D00478CD6 /* Build configuration list for PBXNativeTarget "DigiDocs" */;
			buildPhases = (
				7F1A647E1E0C7835004C5A5C /* ShellScript */,
				7F8CBA1A21F6FF9A00218D8B /* ShellScript */,
				7F8CBA1B21F6FFA700218D8B /* ShellScript */,
				7FEB2C4A1E0ACA6D00478CD6 /* Sources */,
				7FEB2C4B1E0ACA6D00478CD6 /* Frameworks */,
				7FEB2C4C1E0ACA6D00478CD6 /* Resources */,
				7FAB97B51E0CBE6B00FC2E3B /* ShellScript */,
			);
			buildRules = (
			);
			dependencies = (
			);
			name = DigiDocs;
			productName = DigiDocs;
			productReference = 7FEB2C4E1E0ACA6D00478CD6 /* DigiDocs.app */;
			productType = "com.apple.product-type.application";
		};
		7FEB2C611E0ACA6D00478CD6 /* DigiDocsTests */ = {
			isa = PBXNativeTarget;
			buildConfigurationList = 7FEB2C6E1E0ACA6D00478CD6 /* Build configuration list for PBXNativeTarget "DigiDocsTests" */;
			buildPhases = (
				7F48FEC021F7A3EB00EACC03 /* ShellScript */,
				7FEB2C5E1E0ACA6D00478CD6 /* Sources */,
				7FEB2C5F1E0ACA6D00478CD6 /* Frameworks */,
				7FEB2C601E0ACA6D00478CD6 /* Resources */,
				7F48FEC121F7A3FA00EACC03 /* CopyFiles */,
			);
			buildRules = (
			);
			dependencies = (
				7FEB2C641E0ACA6D00478CD6 /* PBXTargetDependency */,
			);
			name = DigiDocsTests;
			productName = DigiDocsTests;
			productReference = 7FEB2C621E0ACA6D00478CD6 /* DigiDocsTests.xctest */;
			productType = "com.apple.product-type.bundle.unit-test";
		};
/* End PBXNativeTarget section */

/* Begin PBXProject section */
		7FEB2C461E0ACA6D00478CD6 /* Project object */ = {
			isa = PBXProject;
			attributes = {
				LastSwiftUpdateCheck = 1010;
				LastUpgradeCheck = 1010;
				ORGANIZATIONNAME = "Pink Chicken Ltd";
				TargetAttributes = {
					7F48FEEF21F7EEE300EACC03 = {
						CreatedOnToolsVersion = 10.1;
						DevelopmentTeam = PFC77GK3D7;
						LastSwiftMigration = 1150;
						ProvisioningStyle = Automatic;
						TestTargetID = 7FEB2C4D1E0ACA6D00478CD6;
					};
					7FEB2C4D1E0ACA6D00478CD6 = {
						CreatedOnToolsVersion = 8.2;
						DevelopmentTeam = PFC77GK3D7;
						LastSwiftMigration = 1150;
						ProvisioningStyle = Automatic;
					};
					7FEB2C611E0ACA6D00478CD6 = {
						CreatedOnToolsVersion = 8.2;
						DevelopmentTeam = PFC77GK3D7;
						LastSwiftMigration = 1150;
						ProvisioningStyle = Automatic;
						TestTargetID = 7FEB2C4D1E0ACA6D00478CD6;
					};
				};
			};
			buildConfigurationList = 7FEB2C491E0ACA6D00478CD6 /* Build configuration list for PBXProject "DigiDocs" */;
			compatibilityVersion = "Xcode 3.2";
			developmentRegion = en;
			hasScannedForEncodings = 0;
			knownRegions = (
				en,
				Base,
				de,
				fr,
				it,
				"zh-Hans",
				ja,
				ru,
			);
			mainGroup = 7FEB2C451E0ACA6D00478CD6;
			productRefGroup = 7FEB2C4F1E0ACA6D00478CD6 /* Products */;
			projectDirPath = "";
			projectRoot = "";
			targets = (
				7FEB2C4D1E0ACA6D00478CD6 /* DigiDocs */,
				7FEB2C611E0ACA6D00478CD6 /* DigiDocsTests */,
				7F48FEEF21F7EEE300EACC03 /* DigiDocsSnapshot */,
			);
		};
/* End PBXProject section */

/* Begin PBXResourcesBuildPhase section */
		7F48FEEE21F7EEE300EACC03 /* Resources */ = {
			isa = PBXResourcesBuildPhase;
			buildActionMask = 2147483647;
			files = (
			);
			runOnlyForDeploymentPostprocessing = 0;
		};
		7FEB2C4C1E0ACA6D00478CD6 /* Resources */ = {
			isa = PBXResourcesBuildPhase;
			buildActionMask = 2147483647;
			files = (
				7F8CBA1721F6FB8100218D8B /* README.md in Resources */,
				7F1A646A1E0C779B004C5A5C /* InfoPlist.strings in Resources */,
				7FEB2C5C1E0ACA6D00478CD6 /* LaunchScreen.storyboard in Resources */,
				7FEB2C741E0ACE9A00478CD6 /* Camera.storyboard in Resources */,
				7FEB2C591E0ACA6D00478CD6 /* Assets.xcassets in Resources */,
				7F8CBA2821F7044700218D8B /* Localizable.strings in Resources */,
				7F8CBA1921F6FB9400218D8B /* CHANGELOG.md in Resources */,
				7FEB2C571E0ACA6D00478CD6 /* Main.storyboard in Resources */,
			);
			runOnlyForDeploymentPostprocessing = 0;
		};
		7FEB2C601E0ACA6D00478CD6 /* Resources */ = {
			isa = PBXResourcesBuildPhase;
			buildActionMask = 2147483647;
			files = (
				7F48FEE721F7DDBD00EACC03 /* test.pdf in Resources */,
			);
			runOnlyForDeploymentPostprocessing = 0;
		};
/* End PBXResourcesBuildPhase section */

/* Begin PBXShellScriptBuildPhase section */
		7F1A647E1E0C7835004C5A5C /* ShellScript */ = {
			isa = PBXShellScriptBuildPhase;
			buildActionMask = 2147483647;
			files = (
			);
			inputPaths = (
			);
			outputPaths = (
			);
			runOnlyForDeploymentPostprocessing = 0;
			shellPath = /bin/sh;
			shellScript = "if [ \"${TRAVIS}\" = \"1\" ]; then\n    exit 0\nfi\nsh base_lang.sh\n";
		};
		7F48FEC021F7A3EB00EACC03 /* ShellScript */ = {
			isa = PBXShellScriptBuildPhase;
			buildActionMask = 2147483647;
			files = (
			);
			inputFileListPaths = (
			);
			inputPaths = (
			);
			outputFileListPaths = (
			);
			outputPaths = (
			);
			runOnlyForDeploymentPostprocessing = 0;
			shellPath = /bin/sh;
			shellScript = "if [ \"${TRAVIS}\" = \"1\" ]; then\n    exit 0\nfi\nsourcery\n";
		};
		7F8CBA1A21F6FF9A00218D8B /* ShellScript */ = {
			isa = PBXShellScriptBuildPhase;
			buildActionMask = 2147483647;
			files = (
			);
			inputFileListPaths = (
			);
			inputPaths = (
			);
			outputFileListPaths = (
			);
			outputPaths = (
			);
			runOnlyForDeploymentPostprocessing = 0;
			shellPath = /bin/sh;
			shellScript = "if [ \"${TRAVIS}\" = \"1\" ]; then\n    exit 0\nfi\nswiftgen config run --config .swiftgen.yml\n";
		};
		7F8CBA1B21F6FFA700218D8B /* ShellScript */ = {
			isa = PBXShellScriptBuildPhase;
			buildActionMask = 2147483647;
			files = (
			);
			inputFileListPaths = (
			);
			inputPaths = (
			);
			outputFileListPaths = (
			);
			outputPaths = (
			);
			runOnlyForDeploymentPostprocessing = 0;
			shellPath = /bin/sh;
			shellScript = "if [ \"${TRAVIS}\" = \"1\" ]; then\n    exit 0\nfi\nif which swiftlint >/dev/null; then\n    swiftlint autocorrect --config \".swiftlint.auto.yml\" && swiftlint\nelse\n    echo \"warning: SwiftLint not installed, download from https://github.com/realm/SwiftLint\"\nfi\n";
		};
		7FAB97B51E0CBE6B00FC2E3B /* ShellScript */ = {
			isa = PBXShellScriptBuildPhase;
			buildActionMask = 2147483647;
			files = (
			);
			inputPaths = (
				"$(SRCROOT)/Carthage/Build/iOS/Logging.framework",
				"$(SRCROOT)/Carthage/Build/iOS/AsyncAwait.framework",
				"$(SRCROOT)/Carthage/Build/iOS/PPBadgeView.framework",
			);
			outputPaths = (
				"$(BUILT_PRODUCTS_DIR)/$(FRAMEWORKS_FOLDER_PATH)/Logging.framework",
				"$(BUILT_PRODUCTS_DIR)/$(FRAMEWORKS_FOLDER_PATH)/AsyncAwait.framework",
				"$(BUILT_PRODUCTS_DIR)/$(FRAMEWORKS_FOLDER_PATH)/PPBadgeView.framework",
			);
			runOnlyForDeploymentPostprocessing = 0;
			shellPath = /bin/sh;
			shellScript = "/usr/local/bin/carthage copy-frameworks\n";
		};
/* End PBXShellScriptBuildPhase section */

/* Begin PBXSourcesBuildPhase section */
		7F48FEEC21F7EEE300EACC03 /* Sources */ = {
			isa = PBXSourcesBuildPhase;
			buildActionMask = 2147483647;
			files = (
				7F48FEF321F7EEE300EACC03 /* Snapshots.swift in Sources */,
				7F48FEFB21F7EF1C00EACC03 /* SnapshotHelper.swift in Sources */,
			);
			runOnlyForDeploymentPostprocessing = 0;
		};
		7FEB2C4A1E0ACA6D00478CD6 /* Sources */ = {
			isa = PBXSourcesBuildPhase;
			buildActionMask = 2147483647;
			files = (
				7FEB2C541E0ACA6D00478CD6 /* HomeViewController.swift in Sources */,
				7F48FEB821F77ADF00EACC03 /* ImagePickerControlling.swift in Sources */,
				7F163D391EDF0D5B00DC52B6 /* BundleExtensions.swift in Sources */,
				7F9594151E0B2FCA00CC2CC8 /* PDFPreviewItem.swift in Sources */,
				7F06F29C2204AC7D008F1403 /* UIViewControllerExtensions.swift in Sources */,
				7F48FE9F21F7276600EACC03 /* Alert.swift in Sources */,
				7F8CBA2121F7009300218D8B /* HomeController.swift in Sources */,
				7F48FE9B21F726FE00EACC03 /* AlertController.swift in Sources */,
				7F95940B1E0AD54F00CC2CC8 /* PDF.swift in Sources */,
				7F48FEAA21F7341700EACC03 /* FileExtension.swift in Sources */,
				7F48FE9121F721DC00EACC03 /* AppController.swift in Sources */,
				7F48FEAE21F749C700EACC03 /* CameraViewState.swift in Sources */,
				7F48FEB621F7662900EACC03 /* OptionAction.swift in Sources */,
				7F48FEA621F72F2E00EACC03 /* OptionsController.swift in Sources */,
				7F48FEEB21F7E7E200EACC03 /* ViewControllerCastable.swift in Sources */,
				7F48FE9521F7243C00EACC03 /* AppControllerFactory.swift in Sources */,
				7F48FEB021F7545200EACC03 /* Error.swift in Sources */,
				7F6E0671225FCBDA00609358 /* AppBadge.swift in Sources */,
				7F8CBA3821F717F700218D8B /* strings.swift in Sources */,
				7F48FEA821F731F500EACC03 /* PDFService.swift in Sources */,
				7F6E0673225FCC0E00609358 /* Utility.swift in Sources */,
				7F48FEB421F765CC00EACC03 /* ShareController.swift in Sources */,
				7F48FEB221F7584400EACC03 /* NamingController.swift in Sources */,
				7F48FE9D21F7272C00EACC03 /* Presentable.swift in Sources */,
				7F48FE9321F7221800EACC03 /* Mockable.swift in Sources */,
				7F95941C1E0BD4E800CC2CC8 /* UIStoryboardExtensions.swift in Sources */,
				7FEB2C521E0ACA6D00478CD6 /* AppDelegate.swift in Sources */,
				7F95940D1E0ADA2100CC2CC8 /* PDFViewController.swift in Sources */,
				7FEB2C761E0ACF1100478CD6 /* CameraOverlayViewController.swift in Sources */,
				7F9594171E0B350300CC2CC8 /* PDFList.swift in Sources */,
				7F8CBA3721F717F700218D8B /* assets.swift in Sources */,
				7F8CBA2321F7009A00218D8B /* PDFController.swift in Sources */,
				7FEB2C721E0ACAA100478CD6 /* Camera.swift in Sources */,
				7F48FEAC21F7385900EACC03 /* PDFViewState.swift in Sources */,
				7F8CBA2521F700A100218D8B /* CameraController.swift in Sources */,
				7F48FE9821F725EE00EACC03 /* MainViewState.swift in Sources */,
				7F48FEA421F72E9A00EACC03 /* MainAction.swift in Sources */,
				7F48FEBB21F7808500EACC03 /* SimulatorImagePickerController.swift in Sources */,
				7F48FEA221F72C5E00EACC03 /* ListController.swift in Sources */,
			);
			runOnlyForDeploymentPostprocessing = 0;
		};
		7FEB2C5E1E0ACA6D00478CD6 /* Sources */ = {
			isa = PBXSourcesBuildPhase;
			buildActionMask = 2147483647;
			files = (
				7F48FED321F7A94000EACC03 /* CameraTests.swift in Sources */,
				7F48FEDB21F7AD2500EACC03 /* ArrayExtensions.swift in Sources */,
				7F48FEE921F7E02300EACC03 /* UIAlertControllerExtensions.swift in Sources */,
				7F1A64651E0C5029004C5A5C /* UIAlertActionExtensions.swift in Sources */,
				7F48FED521F7A94A00EACC03 /* NameDialogueTests.swift in Sources */,
				7F48FECB21F7A45F00EACC03 /* TestEnvironment.swift in Sources */,
				7F48FED921F7A95F00EACC03 /* HomeTests.swift in Sources */,
				7F48FECE21F7A47A00EACC03 /* AppTestEnvironment.swift in Sources */,
				7F48FEC921F7A44700EACC03 /* mocks.generated.swift in Sources */,
				7F48FED721F7A95600EACC03 /* OptionsDialogueTests.swift in Sources */,
				7F48FEE321F7D64500EACC03 /* UITextFieldExtensions.swift in Sources */,
				7F48FEDD21F7AF0400EACC03 /* UIButtonExtensions.swift in Sources */,
				7F48FEE521F7D79A00EACC03 /* PDFTests.swift in Sources */,
			);
			runOnlyForDeploymentPostprocessing = 0;
		};
/* End PBXSourcesBuildPhase section */

/* Begin PBXTargetDependency section */
		7F48FEF621F7EEE300EACC03 /* PBXTargetDependency */ = {
			isa = PBXTargetDependency;
			target = 7FEB2C4D1E0ACA6D00478CD6 /* DigiDocs */;
			targetProxy = 7F48FEF521F7EEE300EACC03 /* PBXContainerItemProxy */;
		};
		7FEB2C641E0ACA6D00478CD6 /* PBXTargetDependency */ = {
			isa = PBXTargetDependency;
			target = 7FEB2C4D1E0ACA6D00478CD6 /* DigiDocs */;
			targetProxy = 7FEB2C631E0ACA6D00478CD6 /* PBXContainerItemProxy */;
		};
/* End PBXTargetDependency section */

/* Begin PBXVariantGroup section */
		7F1A646C1E0C779B004C5A5C /* InfoPlist.strings */ = {
			isa = PBXVariantGroup;
			children = (
				7F1A646B1E0C779B004C5A5C /* Base */,
				7F1A646D1E0C77A1004C5A5C /* en */,
				7F1A64721E0C77C3004C5A5C /* de */,
				7F1A64741E0C77CF004C5A5C /* fr */,
				7F1A64761E0C77DD004C5A5C /* it */,
				7F1A64781E0C77E7004C5A5C /* zh-Hans */,
				7F1A647A1E0C77EF004C5A5C /* ja */,
				7F1A647C1E0C77FA004C5A5C /* ru */,
			);
			name = InfoPlist.strings;
			sourceTree = "<group>";
		};
		7F8CBA2621F7044700218D8B /* Localizable.strings */ = {
			isa = PBXVariantGroup;
			children = (
				7F8CBA2721F7044700218D8B /* Base */,
				7F8CBA2921F7045300218D8B /* en */,
				7F8CBA2A21F7045500218D8B /* de */,
				7F8CBA2B21F7045700218D8B /* fr */,
				7F8CBA2C21F7045900218D8B /* it */,
				7F8CBA2D21F7045B00218D8B /* zh-Hans */,
				7F8CBA2E21F7045D00218D8B /* ja */,
				7F8CBA2F21F7045F00218D8B /* ru */,
			);
			name = Localizable.strings;
			sourceTree = "<group>";
		};
		7FEB2C551E0ACA6D00478CD6 /* Main.storyboard */ = {
			isa = PBXVariantGroup;
			children = (
				7FEB2C561E0ACA6D00478CD6 /* Base */,
			);
			name = Main.storyboard;
			sourceTree = "<group>";
		};
		7FEB2C5A1E0ACA6D00478CD6 /* LaunchScreen.storyboard */ = {
			isa = PBXVariantGroup;
			children = (
				7FEB2C5B1E0ACA6D00478CD6 /* Base */,
			);
			name = LaunchScreen.storyboard;
			sourceTree = "<group>";
		};
/* End PBXVariantGroup section */

/* Begin XCBuildConfiguration section */
		7F48FEF821F7EEE300EACC03 /* Debug */ = {
			isa = XCBuildConfiguration;
			buildSettings = {
				CLANG_ANALYZER_NUMBER_OBJECT_CONVERSION = YES_AGGRESSIVE;
				CLANG_CXX_LANGUAGE_STANDARD = "gnu++14";
				CLANG_ENABLE_OBJC_WEAK = YES;
				CLANG_WARN_UNGUARDED_AVAILABILITY = YES_AGGRESSIVE;
				CODE_SIGN_IDENTITY = "iPhone Developer";
				CODE_SIGN_STYLE = Automatic;
				DEVELOPMENT_TEAM = PFC77GK3D7;
				GCC_C_LANGUAGE_STANDARD = gnu11;
				INFOPLIST_FILE = DigiDocsSnapshot/Info.plist;
				IPHONEOS_DEPLOYMENT_TARGET = 12.1;
				LD_RUNPATH_SEARCH_PATHS = "$(inherited) @executable_path/Frameworks @loader_path/Frameworks";
				MTL_ENABLE_DEBUG_INFO = INCLUDE_SOURCE;
				MTL_FAST_MATH = YES;
				PRODUCT_BUNDLE_IDENTIFIER = com.pinkchicken.DigiDocsSnapshot;
				PRODUCT_NAME = "$(TARGET_NAME)";
				SWIFT_VERSION = 5.0;
				TARGETED_DEVICE_FAMILY = "1,2";
				TEST_TARGET_NAME = DigiDocs;
			};
			name = Debug;
		};
		7F48FEF921F7EEE300EACC03 /* Release */ = {
			isa = XCBuildConfiguration;
			buildSettings = {
				CLANG_ANALYZER_NUMBER_OBJECT_CONVERSION = YES_AGGRESSIVE;
				CLANG_CXX_LANGUAGE_STANDARD = "gnu++14";
				CLANG_ENABLE_OBJC_WEAK = YES;
				CLANG_WARN_UNGUARDED_AVAILABILITY = YES_AGGRESSIVE;
				CODE_SIGN_IDENTITY = "iPhone Developer";
				CODE_SIGN_STYLE = Automatic;
				DEVELOPMENT_TEAM = PFC77GK3D7;
				GCC_C_LANGUAGE_STANDARD = gnu11;
				INFOPLIST_FILE = DigiDocsSnapshot/Info.plist;
				IPHONEOS_DEPLOYMENT_TARGET = 12.1;
				LD_RUNPATH_SEARCH_PATHS = "$(inherited) @executable_path/Frameworks @loader_path/Frameworks";
				MTL_FAST_MATH = YES;
				PRODUCT_BUNDLE_IDENTIFIER = com.pinkchicken.DigiDocsSnapshot;
				PRODUCT_NAME = "$(TARGET_NAME)";
				SWIFT_VERSION = 5.0;
				TARGETED_DEVICE_FAMILY = "1,2";
				TEST_TARGET_NAME = DigiDocs;
			};
			name = Release;
		};
		7FEB2C691E0ACA6D00478CD6 /* Debug */ = {
			isa = XCBuildConfiguration;
			buildSettings = {
				ALWAYS_SEARCH_USER_PATHS = NO;
				CLANG_ANALYZER_LOCALIZABILITY_NONLOCALIZED = YES;
				CLANG_ANALYZER_NONNULL = YES;
				CLANG_CXX_LANGUAGE_STANDARD = "gnu++0x";
				CLANG_CXX_LIBRARY = "libc++";
				CLANG_ENABLE_MODULES = YES;
				CLANG_ENABLE_OBJC_ARC = YES;
				CLANG_WARN_BLOCK_CAPTURE_AUTORELEASING = YES;
				CLANG_WARN_BOOL_CONVERSION = YES;
				CLANG_WARN_COMMA = YES;
				CLANG_WARN_CONSTANT_CONVERSION = YES;
				CLANG_WARN_DEPRECATED_OBJC_IMPLEMENTATIONS = YES;
				CLANG_WARN_DIRECT_OBJC_ISA_USAGE = YES_ERROR;
				CLANG_WARN_DOCUMENTATION_COMMENTS = YES;
				CLANG_WARN_EMPTY_BODY = YES;
				CLANG_WARN_ENUM_CONVERSION = YES;
				CLANG_WARN_INFINITE_RECURSION = YES;
				CLANG_WARN_INT_CONVERSION = YES;
				CLANG_WARN_NON_LITERAL_NULL_CONVERSION = YES;
				CLANG_WARN_OBJC_IMPLICIT_RETAIN_SELF = YES;
				CLANG_WARN_OBJC_LITERAL_CONVERSION = YES;
				CLANG_WARN_OBJC_ROOT_CLASS = YES_ERROR;
				CLANG_WARN_RANGE_LOOP_ANALYSIS = YES;
				CLANG_WARN_STRICT_PROTOTYPES = YES;
				CLANG_WARN_SUSPICIOUS_MOVE = YES;
				CLANG_WARN_UNREACHABLE_CODE = YES;
				CLANG_WARN__DUPLICATE_METHOD_MATCH = YES;
				"CODE_SIGN_IDENTITY[sdk=iphoneos*]" = "iPhone Developer";
				COPY_PHASE_STRIP = NO;
				DEBUG_INFORMATION_FORMAT = dwarf;
				ENABLE_STRICT_OBJC_MSGSEND = YES;
				ENABLE_TESTABILITY = YES;
				GCC_C_LANGUAGE_STANDARD = gnu99;
				GCC_DYNAMIC_NO_PIC = NO;
				GCC_NO_COMMON_BLOCKS = YES;
				GCC_OPTIMIZATION_LEVEL = 0;
				GCC_PREPROCESSOR_DEFINITIONS = (
					"DEBUG=1",
					"$(inherited)",
				);
				GCC_WARN_64_TO_32_BIT_CONVERSION = YES;
				GCC_WARN_ABOUT_RETURN_TYPE = YES_ERROR;
				GCC_WARN_UNDECLARED_SELECTOR = YES;
				GCC_WARN_UNINITIALIZED_AUTOS = YES_AGGRESSIVE;
				GCC_WARN_UNUSED_FUNCTION = YES;
				GCC_WARN_UNUSED_VARIABLE = YES;
				IPHONEOS_DEPLOYMENT_TARGET = 10.2;
				MTL_ENABLE_DEBUG_INFO = YES;
				ONLY_ACTIVE_ARCH = YES;
				SDKROOT = iphoneos;
				SWIFT_ACTIVE_COMPILATION_CONDITIONS = DEBUG;
				SWIFT_OPTIMIZATION_LEVEL = "-Onone";
				TARGETED_DEVICE_FAMILY = "1,2";
			};
			name = Debug;
		};
		7FEB2C6A1E0ACA6D00478CD6 /* Release */ = {
			isa = XCBuildConfiguration;
			buildSettings = {
				ALWAYS_SEARCH_USER_PATHS = NO;
				CLANG_ANALYZER_LOCALIZABILITY_NONLOCALIZED = YES;
				CLANG_ANALYZER_NONNULL = YES;
				CLANG_CXX_LANGUAGE_STANDARD = "gnu++0x";
				CLANG_CXX_LIBRARY = "libc++";
				CLANG_ENABLE_MODULES = YES;
				CLANG_ENABLE_OBJC_ARC = YES;
				CLANG_WARN_BLOCK_CAPTURE_AUTORELEASING = YES;
				CLANG_WARN_BOOL_CONVERSION = YES;
				CLANG_WARN_COMMA = YES;
				CLANG_WARN_CONSTANT_CONVERSION = YES;
				CLANG_WARN_DEPRECATED_OBJC_IMPLEMENTATIONS = YES;
				CLANG_WARN_DIRECT_OBJC_ISA_USAGE = YES_ERROR;
				CLANG_WARN_DOCUMENTATION_COMMENTS = YES;
				CLANG_WARN_EMPTY_BODY = YES;
				CLANG_WARN_ENUM_CONVERSION = YES;
				CLANG_WARN_INFINITE_RECURSION = YES;
				CLANG_WARN_INT_CONVERSION = YES;
				CLANG_WARN_NON_LITERAL_NULL_CONVERSION = YES;
				CLANG_WARN_OBJC_IMPLICIT_RETAIN_SELF = YES;
				CLANG_WARN_OBJC_LITERAL_CONVERSION = YES;
				CLANG_WARN_OBJC_ROOT_CLASS = YES_ERROR;
				CLANG_WARN_RANGE_LOOP_ANALYSIS = YES;
				CLANG_WARN_STRICT_PROTOTYPES = YES;
				CLANG_WARN_SUSPICIOUS_MOVE = YES;
				CLANG_WARN_UNREACHABLE_CODE = YES;
				CLANG_WARN__DUPLICATE_METHOD_MATCH = YES;
				"CODE_SIGN_IDENTITY[sdk=iphoneos*]" = "iPhone Developer";
				COPY_PHASE_STRIP = NO;
				DEBUG_INFORMATION_FORMAT = "dwarf-with-dsym";
				ENABLE_NS_ASSERTIONS = NO;
				ENABLE_STRICT_OBJC_MSGSEND = YES;
				GCC_C_LANGUAGE_STANDARD = gnu99;
				GCC_NO_COMMON_BLOCKS = YES;
				GCC_WARN_64_TO_32_BIT_CONVERSION = YES;
				GCC_WARN_ABOUT_RETURN_TYPE = YES_ERROR;
				GCC_WARN_UNDECLARED_SELECTOR = YES;
				GCC_WARN_UNINITIALIZED_AUTOS = YES_AGGRESSIVE;
				GCC_WARN_UNUSED_FUNCTION = YES;
				GCC_WARN_UNUSED_VARIABLE = YES;
				IPHONEOS_DEPLOYMENT_TARGET = 10.2;
				MTL_ENABLE_DEBUG_INFO = NO;
				SDKROOT = iphoneos;
				SWIFT_OPTIMIZATION_LEVEL = "-Owholemodule";
				TARGETED_DEVICE_FAMILY = "1,2";
				VALIDATE_PRODUCT = YES;
			};
			name = Release;
		};
		7FEB2C6C1E0ACA6D00478CD6 /* Debug */ = {
			isa = XCBuildConfiguration;
			buildSettings = {
				ASSETCATALOG_COMPILER_APPICON_NAME = AppIcon;
				DEBUG_INFORMATION_FORMAT = "dwarf-with-dsym";
				DEVELOPMENT_TEAM = PFC77GK3D7;
				FRAMEWORK_SEARCH_PATHS = (
					"$(inherited)",
					"$(PROJECT_DIR)/Carthage/Build/iOS",
				);
				INFOPLIST_FILE = DigiDocs/Info.plist;
				IPHONEOS_DEPLOYMENT_TARGET = 11.0;
				LD_RUNPATH_SEARCH_PATHS = "$(inherited) @executable_path/Frameworks";
				PRODUCT_BUNDLE_IDENTIFIER = com.pinkchicken.digidocs;
				PRODUCT_NAME = "$(TARGET_NAME)";
				SWIFT_OBJC_BRIDGING_HEADER = "";
				SWIFT_SWIFT3_OBJC_INFERENCE = Default;
				SWIFT_VERSION = 5.0;
				TARGETED_DEVICE_FAMILY = "1,2";
			};
			name = Debug;
		};
		7FEB2C6D1E0ACA6D00478CD6 /* Release */ = {
			isa = XCBuildConfiguration;
			buildSettings = {
				ASSETCATALOG_COMPILER_APPICON_NAME = AppIcon;
				DEBUG_INFORMATION_FORMAT = "dwarf-with-dsym";
				DEVELOPMENT_TEAM = PFC77GK3D7;
				FRAMEWORK_SEARCH_PATHS = (
					"$(inherited)",
					"$(PROJECT_DIR)/Carthage/Build/iOS",
				);
				INFOPLIST_FILE = DigiDocs/Info.plist;
				IPHONEOS_DEPLOYMENT_TARGET = 11.0;
				LD_RUNPATH_SEARCH_PATHS = "$(inherited) @executable_path/Frameworks";
				PRODUCT_BUNDLE_IDENTIFIER = com.pinkchicken.digidocs;
				PRODUCT_NAME = "$(TARGET_NAME)";
				SWIFT_OBJC_BRIDGING_HEADER = "";
				SWIFT_SWIFT3_OBJC_INFERENCE = Default;
				SWIFT_VERSION = 5.0;
				TARGETED_DEVICE_FAMILY = "1,2";
			};
			name = Release;
		};
		7FEB2C6F1E0ACA6D00478CD6 /* Debug */ = {
			isa = XCBuildConfiguration;
			buildSettings = {
				ALWAYS_EMBED_SWIFT_STANDARD_LIBRARIES = YES;
				BUNDLE_LOADER = "$(TEST_HOST)";
				DEVELOPMENT_TEAM = PFC77GK3D7;
				FRAMEWORK_SEARCH_PATHS = (
					"$(inherited)",
					"$(PROJECT_DIR)/Carthage/Build/iOS",
				);
				INFOPLIST_FILE = DigiDocsTests/Info.plist;
				IPHONEOS_DEPLOYMENT_TARGET = 11.0;
				LD_RUNPATH_SEARCH_PATHS = "$(inherited) @executable_path/Frameworks @loader_path/Frameworks";
				PRODUCT_BUNDLE_IDENTIFIER = com.pinkchicken.DigiDocsTests;
				PRODUCT_NAME = "$(TARGET_NAME)";
				SWIFT_SWIFT3_OBJC_INFERENCE = Default;
				SWIFT_VERSION = 5.0;
				TEST_HOST = "$(BUILT_PRODUCTS_DIR)/DigiDocs.app/DigiDocs";
			};
			name = Debug;
		};
		7FEB2C701E0ACA6D00478CD6 /* Release */ = {
			isa = XCBuildConfiguration;
			buildSettings = {
				ALWAYS_EMBED_SWIFT_STANDARD_LIBRARIES = YES;
				BUNDLE_LOADER = "$(TEST_HOST)";
				DEVELOPMENT_TEAM = PFC77GK3D7;
				FRAMEWORK_SEARCH_PATHS = (
					"$(inherited)",
					"$(PROJECT_DIR)/Carthage/Build/iOS",
				);
				INFOPLIST_FILE = DigiDocsTests/Info.plist;
				IPHONEOS_DEPLOYMENT_TARGET = 11.0;
				LD_RUNPATH_SEARCH_PATHS = "$(inherited) @executable_path/Frameworks @loader_path/Frameworks";
				PRODUCT_BUNDLE_IDENTIFIER = com.pinkchicken.DigiDocsTests;
				PRODUCT_NAME = "$(TARGET_NAME)";
				SWIFT_SWIFT3_OBJC_INFERENCE = Default;
				SWIFT_VERSION = 5.0;
				TEST_HOST = "$(BUILT_PRODUCTS_DIR)/DigiDocs.app/DigiDocs";
			};
			name = Release;
		};
/* End XCBuildConfiguration section */

/* Begin XCConfigurationList section */
		7F48FEF721F7EEE300EACC03 /* Build configuration list for PBXNativeTarget "DigiDocsSnapshot" */ = {
			isa = XCConfigurationList;
			buildConfigurations = (
				7F48FEF821F7EEE300EACC03 /* Debug */,
				7F48FEF921F7EEE300EACC03 /* Release */,
			);
			defaultConfigurationIsVisible = 0;
			defaultConfigurationName = Release;
		};
		7FEB2C491E0ACA6D00478CD6 /* Build configuration list for PBXProject "DigiDocs" */ = {
			isa = XCConfigurationList;
			buildConfigurations = (
				7FEB2C691E0ACA6D00478CD6 /* Debug */,
				7FEB2C6A1E0ACA6D00478CD6 /* Release */,
			);
			defaultConfigurationIsVisible = 0;
			defaultConfigurationName = Release;
		};
		7FEB2C6B1E0ACA6D00478CD6 /* Build configuration list for PBXNativeTarget "DigiDocs" */ = {
			isa = XCConfigurationList;
			buildConfigurations = (
				7FEB2C6C1E0ACA6D00478CD6 /* Debug */,
				7FEB2C6D1E0ACA6D00478CD6 /* Release */,
			);
			defaultConfigurationIsVisible = 0;
			defaultConfigurationName = Release;
		};
		7FEB2C6E1E0ACA6D00478CD6 /* Build configuration list for PBXNativeTarget "DigiDocsTests" */ = {
			isa = XCConfigurationList;
			buildConfigurations = (
				7FEB2C6F1E0ACA6D00478CD6 /* Debug */,
				7FEB2C701E0ACA6D00478CD6 /* Release */,
			);
			defaultConfigurationIsVisible = 0;
			defaultConfigurationName = Release;
		};
/* End XCConfigurationList section */
	};
	rootObject = 7FEB2C461E0ACA6D00478CD6 /* Project object */;
}
